<?xml version="1.0" encoding="utf-8"?>
<Project ToolsVersion="4.0" xmlns="http://schemas.microsoft.com/developer/msbuild/2003">
  <ItemGroup>
    <Filter Include="Breath_First_Routienes">
      <UniqueIdentifier>{23b25290-921f-4569-ba01-005c686ca1a6}</UniqueIdentifier>
    </Filter>
  </ItemGroup>
  <ItemGroup>
    <ClCompile Include="NQueensChecker.c">
      <Filter>Breath_First_Routienes</Filter>
    </ClCompile>
    <ClCompile Include="SolutionListOperations.c">
      <Filter>Breath_First_Routienes</Filter>
    </ClCompile>
    <ClCompile Include="main.c" />
    <ClCompile Include="Mastermind_Main.c" />
  </ItemGroup>
  <ItemGroup>
    <ClInclude Include="NQueensChecker.h">
      <Filter>Breath_First_Routienes</Filter>
    </ClInclude>
    <ClInclude Include="NQueensDefinitions.h">
      <Filter>Breath_First_Routienes</Filter>
    </ClInclude>
    <ClInclude Include="SolutionListOperations.h">
      <Filter>Breath_First_Routienes</Filter>
    </ClInclude>
    <ClInclude Include="StructureDefinitions.h">
      <Filter>Breath_First_Routienes</Filter>
    </ClInclude>
  </ItemGroup>
</Project>